{
    "_meta": {
        "hash": {
            "sha256": "17be05887623027ebbaba5f4f8bc73e4cd623539d071c32bd2f7fbf3d8103818"
        },
        "host-environment-markers": {
            "implementation_name": "cpython",
            "implementation_version": "3.6.4",
            "os_name": "posix",
            "platform_machine": "x86_64",
            "platform_python_implementation": "CPython",
<<<<<<< HEAD
            "platform_release": "16.7.0",
            "platform_system": "Darwin",
            "platform_version": "Darwin Kernel Version 16.7.0: Thu Jan 11 22:59:40 PST 2018; root:xnu-3789.73.8~1/RELEASE_X86_64",
=======
            "platform_release": "17.3.0",
            "platform_system": "Darwin",
            "platform_version": "Darwin Kernel Version 17.3.0: Thu Nov  9 18:09:22 PST 2017; root:xnu-4570.31.3~1/RELEASE_X86_64",
>>>>>>> parent of d3cbc71... Included new packages to monitor the time elapsed by the renewable
            "python_full_version": "3.6.4",
            "python_version": "3.6",
            "sys_platform": "darwin"
        },
        "pipfile-spec": 6,
        "requires": {},
        "sources": [
            {
                "name": "pypi",
                "url": "https://pypi.python.org/simple",
                "verify_ssl": true
            }
        ]
    },
    "default": {
        "appnope": {
            "hashes": [
                "sha256:5b26757dc6f79a3b7dc9fab95359328d5747fcb2409d331ea66d0272b90ab2a0",
                "sha256:8b995ffe925347a2138d7ac0fe77155e4311a0ea6d6da4f5128fe4b3cbe5ed71"
            ],
            "markers": "sys_platform == 'darwin'",
            "version": "==0.1.0"
        },
        "bleach": {
            "hashes": [
                "sha256:cf567e7ed30ea5e05b31231d88ae170af1c5544758b9d7bebbc20590b7c30b1e",
                "sha256:38fc8cbebea4e787d8db55d6f324820c7f74362b70db9142c1ac7920452d1a19"
            ],
            "version": "==2.1.2"
        },
<<<<<<< HEAD
        "certifi": {
            "hashes": [
                "sha256:14131608ad2fd56836d33a71ee60fa1c82bc9d2c8d98b7bdbc631fe1b3cd1296",
                "sha256:edbc3f203427eef571f79a7692bb160a2b0f7ccaa31953e99bd17e307cf63f7d"
            ],
            "version": "==2018.1.18"
        },
        "chardet": {
            "hashes": [
                "sha256:fc323ffcaeaed0e0a02bf4d117757b98aed530d9ed4531e3e15460124c106691",
                "sha256:84ab92ed1c4d4f16916e05906b6b75a6c0fb5db821cc65e70cbd64a3e2a5eaae"
            ],
            "version": "==3.0.4"
        },
        "click": {
            "hashes": [
                "sha256:29f99fc6125fbc931b758dc053b3114e55c77a6e4c6c3a2674a2dc986016381d",
                "sha256:f15516df478d5a56180fbf80e68f206010e6d160fc39fa508b65e035fd75130b"
            ],
            "version": "==6.7"
        },
        "click-plugins": {
            "hashes": [
                "sha256:7acc5e7eedd2dfd719714e8d53ae99030b5357aed661d0b06dacd6c2d583d7c5"
            ],
            "version": "==1.0.3"
        },
        "cligj": {
            "hashes": [
                "sha256:7588487f1afcefbe65ae477cdbd4fca1828a3000fc3332e165dacb1dcb005f8a",
                "sha256:2efdeb0ae64f2c2198ce7540ae0a5d67187d5fe9d79529ad8f4dbb8909210009",
                "sha256:12ad07994f5c1173b06087ffbaacec52f9ebe4687926e5aacfc22b6b0c8b3f54"
            ],
            "version": "==0.4.0"
        },
        "cycler": {
            "hashes": [
                "sha256:1d8a5ae1ff6c5cf9b93e8811e581232ad8920aeec647c37316ceac982b08cb2d",
                "sha256:cd7b2d1018258d7247a71425e9f26463dfb444d411c39569972f4ce586b0c9d8"
            ],
            "version": "==0.10.0"
        },
=======
>>>>>>> parent of d3cbc71... Included new packages to monitor the time elapsed by the renewable
        "decorator": {
            "hashes": [
                "sha256:94d1d8905f5010d74bbbd86c30471255661a14187c45f8d7f3e5aa8540fdb2e5",
                "sha256:7d46dd9f3ea1cf5f06ee0e4e1277ae618cf48dfb10ada7c8427cd46c42702a0e"
            ],
            "version": "==4.2.1"
        },
        "descartes": {
            "hashes": [
                "sha256:b7e412e7e6e294412f1d0f661f187babc970088c2456089e6801eebb043c2e1b",
                "sha256:4c62dc41109689d03e4b35de0a2bcbdeeb81047badc607c4415d5c753bd683af",
                "sha256:135a502146af5ed6ff359975e2ebc5fa4b71b5432c355c2cafdc6dea1337035b"
            ],
            "version": "==1.1.0"
        },
        "entrypoints": {
            "hashes": [
                "sha256:10ad569bb245e7e2ba425285b9fa3e8178a0dc92fc53b1e1c553805e15a8825b",
                "sha256:d2d587dde06f99545fb13a383d2cd336a8ff1f359c5839ce3a64c917d10c029f"
            ],
            "version": "==0.2.3"
        },
        "fiona": {
            "hashes": [
                "sha256:c9becd2b450599ed59bd21418325ea0a388690822765de6ce2813049a53cd50e",
                "sha256:7e438a7f9e63ecac81074136cb821a76b8c9e160bd5f03fb4fea78651f78036f",
                "sha256:c2d9afb8b6cdc80b7e6e77872041dc61fb96a938007a6ee51703893d93ab76a6",
                "sha256:51b48f04038303d4aaccda5d53e13c5b5cb0e7232b9a0f21d588be9ec964447b",
                "sha256:9ce609746cd70dfe071db966d8c08788724eb8878b64a06db71775a5bb1e6937",
                "sha256:305b893dbf06962e77addc7157e217817e352b764c248d2557ea41745406d754",
                "sha256:1d8a9d35cf951008477c69ea9539a678f90d3b775dad9eb08023d9e3a9137afa",
                "sha256:c6e236950444d8efe0a78a1c17f31941c7930ef72f6026e5e6a15ef9601e8c0b",
                "sha256:0079db16bb6d826cb43f841bdce452c0d68c381a9ec0a44a21e78982bc421538",
                "sha256:5e9c68ea71e9d79fcfb68c9a101c0b133301e233c9bcca7b7c65f33cc7636ef5"
            ],
            "version": "==1.7.11"
        },
        "geopandas": {
            "hashes": [
                "sha256:38ec319ce8be344728cf124847251952af49adea8d38229723a55cc1ea473d44",
                "sha256:e63bb32a3e516d8c9bcd149c22335575defdc5896c8bdf15c836608f152a920b"
            ],
            "version": "==0.3.0"
        },
        "html5lib": {
            "hashes": [
                "sha256:20b159aa3badc9d5ee8f5c647e5efd02ed2a66ab8d354930bd9ff139fc1dc0a3",
                "sha256:66cb0dcfdbbc4f9c3ba1a63fdb511ffdbd4f513b2b6d81b80cd26ce6b3fb3736"
            ],
            "version": "==1.0.1"
        },
        "ipykernel": {
            "hashes": [
                "sha256:fa4a5cbe2f78894c0ce0b13e6d25ff083355f4077d85ed8d21b615d0c7d25c9b",
                "sha256:1904617c157e2da135288dd913d9db3bdd7ee7cabb78a6cbaf56f334de3c3f19",
                "sha256:fe2837622a4121cbe42b354db1e2ab46c91e807ffcb92f4c2cfd323a75f8737f"
            ],
            "version": "==4.8.1"
        },
        "ipython": {
            "hashes": [
                "sha256:fcc6d46f08c3c4de7b15ae1c426e15be1b7932bcda9d83ce1a4304e8c1129df3",
                "sha256:51c158a6c8b899898d1c91c6b51a34110196815cc905f9be0fa5878e19355608"
            ],
            "version": "==6.2.1"
        },
        "ipython-genutils": {
            "hashes": [
                "sha256:72dd37233799e619666c9f639a9da83c34013a73e8bbc79a7a6348d93c61fab8",
                "sha256:eb2e116e75ecef9d4d228fdc66af54269afa26ab4463042e33785b887c628ba8"
            ],
            "version": "==0.2.0"
        },
        "ipywidgets": {
            "hashes": [
                "sha256:05e10c4eccd8505cda16c6bb3cf78d3ddee913004c557f8da7ea9c81162d78bd",
                "sha256:3e2be7dea4f97c9a4df71ef065cad9f2e420dd901127bf7cb690fb56d2b34ea3"
            ],
            "version": "==7.1.0"
        },
        "jedi": {
            "hashes": [
                "sha256:d795f2c2e659f5ea39a839e5230d70a0b045d0daee7ca2403568d8f348d0ad89",
                "sha256:d6e799d04d1ade9459ed0f20de47c32f2285438956a677d083d3c98def59fa97"
            ],
            "version": "==0.11.1"
        },
        "jinja2": {
            "hashes": [
                "sha256:74c935a1b8bb9a3947c50a54766a969d4846290e1e788ea44c1392163723c3bd",
                "sha256:f84be1bb0040caca4cea721fcbbbbd61f9be9464ca236387158b0feea01914a4"
            ],
            "version": "==2.10"
        },
        "jsonschema": {
            "hashes": [
                "sha256:000e68abd33c972a5248544925a0cae7d1125f9bf6c58280d37546b946769a08",
                "sha256:6ff5f3180870836cae40f06fa10419f557208175f13ad7bc26caa77beb1f6e02"
            ],
            "version": "==2.6.0"
        },
        "jupyter": {
            "hashes": [
                "sha256:5b290f93b98ffbc21c0c7e749f054b3267782166d72fa5e3ed1ed4eaf34a2b78",
                "sha256:d9dc4b3318f310e34c82951ea5d6683f67bed7def4b259fafbfe4f1beb1d8e5f",
                "sha256:3e1f86076bbb7c8c207829390305a2b1fe836d471ed54be66a3b8c41e7f46cc7"
            ],
            "version": "==1.0.0"
        },
        "jupyter-client": {
            "hashes": [
                "sha256:ce1434979e7d1c0a4db351bc263b4da80de20f6515dc6059a8b05106b8eb0187",
                "sha256:462790d46b244f0a631ea5e3cd5cdbad6874d5d24cc0ff512deb7c16cdf8653d"
            ],
            "version": "==5.2.1"
        },
        "jupyter-console": {
            "hashes": [
                "sha256:3f928b817fc82cda95e431eb4c2b5eb21be5c483c2b43f424761a966bb808094",
                "sha256:545dedd3aaaa355148093c5609f0229aeb121b4852995c2accfa64fe3e0e55cd"
            ],
            "version": "==5.2.0"
        },
        "jupyter-core": {
            "hashes": [
                "sha256:927d713ffa616ea11972534411544589976b2493fc7e09ad946e010aa7eb9970",
                "sha256:ba70754aa680300306c699790128f6fbd8c306ee5927976cbe48adacf240c0b7"
            ],
            "version": "==4.4.0"
        },
        "markupsafe": {
            "hashes": [
                "sha256:a6be69091dac236ea9c6bc7d012beab42010fa914c459791d627dad4910eb665"
            ],
            "version": "==1.0"
        },
        "matplotlib": {
            "hashes": [
                "sha256:31662334a4485455167072f80c57d2d2ef9ada4b93197b4851ceacee7269cb17",
                "sha256:0c4a0cb10972b18049acde76e4611bcda0fa288a199a5f2c3c6f21ab208010cf",
                "sha256:09ac1bde82673bfb4f1cb9ebd7fe258b29400f1be8914cb0891eca62a99cf7e6",
                "sha256:295d2b135cb4d546fbb4b4d0b8d62d2132436adcf86221ece1d0bd4a3522128c",
                "sha256:710bfe01633a4b734742163187bae99399de9f2c46cb6b40bd79b51467f7ba36",
                "sha256:ae091625121ff5bf31515332ee604c90b55f9e6f6a02ac7160e5199f0422a211",
                "sha256:fe8d2e29753fbbc1923e18e80487f09fdc01f270ff44da7156f147a3075876c0",
                "sha256:9a87c1c8f195f0908b599268332608e5024b34cdd07375c68c15ac24b2a93a4e",
                "sha256:ad987a871682d34d44a941cc47bf12f60e7866be7133498c432fb3d6fa3be651",
                "sha256:59736af4bed61af336da60b8e97b700e695ffae9af08941c83e37ab0de3f151a",
                "sha256:932ca62fb7c4edc377d6f0078995a1c004b7e4e9982a025e7022eb5eb1fc33ba",
                "sha256:fb96735f76d5975e09eedc3502e9ff63dbe0c04aef312d0d6048a97f7993e667",
                "sha256:2cc12ea94d80990e454a67ce829dc084bbdbfd0c95ed1f527dbd64688f184acd",
                "sha256:97b9b56bbfce43deefbc2a089fa4afa8887e84041f17b090ac3d9f90a9e8e745",
                "sha256:2452beef35840bdd9c3f613fc112ce6eb449cabca2bcb8a3f0d7eedd8e11d85d",
                "sha256:adde3c9eb2145e5597a593877aea456e0bfe37f46cb3534caacce61b603c451a",
                "sha256:fe5f8487aa872164a80b0c491f1110d4e2125391933caf17cae0a86df7950a72",
                "sha256:725a3f12739d133adfa381e1b33bd70c6f64db453bfc536e148824816e568894"
            ],
            "version": "==2.1.2"
        },
        "mistune": {
            "hashes": [
                "sha256:b4c512ce2fc99e5a62eb95a4aba4b73e5f90264115c40b70a21e1f7d4e0eac91",
                "sha256:bc10c33bfdcaa4e749b779f62f60d6e12f8215c46a292d05e486b869ae306619"
            ],
            "version": "==0.8.3"
        },
        "munch": {
            "hashes": [
                "sha256:62fb4fb318e965a464b088e6af52a63e0905a50500b770596a939d3855e7aa15"
            ],
            "version": "==2.2.0"
        },
        "nbconvert": {
            "hashes": [
                "sha256:260d390b989a647575b8ecae2cd06a9eaead10d396733d6e50185d5ebd08996e",
                "sha256:12b1a4671d4463ab73af6e4cbcc965b62254e05d182cd54995dda0d0ef9e2db9"
            ],
            "version": "==5.3.1"
        },
        "nbformat": {
            "hashes": [
                "sha256:b9a0dbdbd45bb034f4f8893cafd6f652ea08c8c1674ba83f2dc55d3955743b0b",
                "sha256:f7494ef0df60766b7cabe0a3651556345a963b74dbc16bc7c18479041170d402"
            ],
            "version": "==4.4.0"
        },
        "notebook": {
            "hashes": [
                "sha256:dbce87812b7f2025e0f83eaab1701a71d874a7aba0766cd8c03ba9be77760643",
                "sha256:380bbed63117accbb13e42d01d06153c72da6a386f75c81ae4c174eaa11e738b"
            ],
            "version": "==5.3.1"
        },
        "numpy": {
            "hashes": [
                "sha256:428cd3c0b197cf857671353d8c85833193921af9fafcc169a1f29c7185833d50",
                "sha256:a476e437d73e5754aa66e1e75840d0163119c3911b7361f4cd06985212a3c3fb",
                "sha256:289ff717138cd9aa133adcbd3c3e284458b9c8230db4d42b39083a3407370317",
                "sha256:c5eccb4bf96dbb2436c61bb3c2658139e779679b6ae0d04c5e268e6608b58053",
                "sha256:75471acf298d455b035226cc609a92aee42c4bb6aa71def85f77fa2c2b646b61",
                "sha256:5c54fb98ecf42da59ed93736d1c071842482b18657eb16ba6e466bd873e1b923",
                "sha256:9ddf384ac3aacb72e122a8207775cc29727cbd9c531ee1a4b95754f24f42f7f3",
                "sha256:781d3197da49c421a07f250750de70a52c42af08ca02a2f7bdb571c0625ae7eb",
                "sha256:93b26d6c06a22e64d56aaca32aaaffd27a4143db0ac2f21a048f0b571f2bfc55",
                "sha256:b2547f57d05ba59df4289493254f29f4c9082d255f1f97b7e286f40f453e33a1",
                "sha256:eef6af1c752eef538a96018ef9bdf8e37bbf28aab50a1436501a4aa47a6467df",
                "sha256:ff8a4b2c3ac831964f529a2da506c28d002562b230261ae5c16885f5f53d2e75",
                "sha256:194074058c22a4066e1b6a4ea432486ee468d24ab16f13630c1030409e6b8666",
                "sha256:4e13f1a848fde960dea33702770265837c72b796a6a3eaac7528cfe75ddefadd",
                "sha256:91101216d72749df63968d86611b549438fb18af2c63849c01f9a897516133c7",
                "sha256:97507349abb7d1f6b76b877258defe8720833881dc7e7fd052bac90c88587387",
                "sha256:1479b46b6040b5c689831496354c8859c456b152d37315673a0c18720b41223b",
                "sha256:98b1ac79c160e36093d7914244e40ee1e7164223e795aa2c71dcce367554e646",
                "sha256:24bbec9a199f938eab75de8390f410969bc33c218e5430fa1ae9401b00865255",
                "sha256:7880f412543e96548374a4bb1d75e4cdb8cad80f3a101ed0f8d0e0428f719c1c",
                "sha256:6112f152b76a28c450bbf665da11757078a724a90330112f5b7ea2d6b6cefd67",
                "sha256:7c5276763646480143d5f3a6c2acb2885460c765051a1baf4d5070f63d05010f",
                "sha256:3de643935b212307b420248018323a44ec51987a336d1d747c1322afc3c099fb"
            ],
            "version": "==1.14.0"
        },
        "pandas": {
            "hashes": [
                "sha256:68ac484e857dcbbd07ea7c6f516cc67f7f143f5313d9bc661470e7f473528882",
                "sha256:12f2a19d0b0adf31170d98d0e8bcbc59add0965a9b0c65d39e0665400491c0c5",
                "sha256:68b121d13177f5128a4c118bb4f73ba40df28292c038389961aa55ea5a996427",
                "sha256:06efae5c00b9f4c6e6d3fe1eb52e590ff0ea8e5cb58032c724e04d31c540de53",
                "sha256:02541a4fdd31315f213a5c8e18708abad719ee03eda05f603c4fe973e9b9d770",
                "sha256:2907f3fe91ca2119ac3c38de6891bbbc83333bfe0d98309768fee28de563ee7a",
                "sha256:052a66f58783a59ea38fdfee25de083b107baa81fdbe38fabd169d0f9efce2bf",
                "sha256:244ae0b9e998cfa88452a49b20e29bf582cc7c0e69093876d505aec4f8e1c7fe",
                "sha256:66403162c8b45325a995493bdd78ad4d8be085e527d721dbfa773d56fbba9c88",
                "sha256:af0dbac881f6f87acd325415adea0ce8cccf28f5d4ad7a54b6a1e176e2f7bf70",
                "sha256:c2cd884794924687edbaad40d18ac984054d247bb877890932c4d41e3c3aba31",
                "sha256:c372db80a5bcb143c9cb254d50f902772c3b093a4f965275197ec2d2184b1e61",
                "sha256:97c8223d42d43d86ca359a57b4702ca0529c6553e83d736e93a5699951f0f8db",
                "sha256:587a9816cc663c958fcff7907c553b73fe196604f990bc98e1b71ebf07e45b44",
                "sha256:44a94091dd71f05922eec661638ec1a35f26d573c119aa2fad964f10a2880e6c"
            ],
            "version": "==0.22.0"
        },
        "pandocfilters": {
            "hashes": [
                "sha256:b3dd70e169bb5449e6bc6ff96aea89c5eea8c5f6ab5e207fc2f521a2cf4a0da9"
            ],
            "version": "==1.4.2"
        },
        "parso": {
            "hashes": [
                "sha256:a7bb86fe0844304869d1c08e8bd0e52be931228483025c422917411ab82d628a",
                "sha256:5815f3fe254e5665f3c5d6f54f086c2502035cb631a91341591b5a564203cffb"
            ],
            "version": "==0.1.1"
        },
        "pexpect": {
            "hashes": [
                "sha256:6ff881b07aff0cb8ec02055670443f784434395f90c3285d2ae470f921ade52a",
                "sha256:67b85a1565968e3d5b5e7c9283caddc90c3947a2625bed1905be27bd5a03e47d"
            ],
            "markers": "sys_platform != 'win32'",
            "version": "==4.4.0"
        },
        "pickleshare": {
            "hashes": [
                "sha256:c9a2541f25aeabc070f12f452e1f2a8eae2abd51e1cd19e8430402bdf4c1d8b5",
                "sha256:84a9257227dfdd6fe1b4be1319096c20eb85ff1e82c7932f36efccfe1b09737b"
            ],
            "version": "==0.7.4"
        },
        "prompt-toolkit": {
            "hashes": [
                "sha256:3f473ae040ddaa52b52f97f6b4a493cfa9f5920c255a12dc56a7d34397a398a4",
                "sha256:1df952620eccb399c53ebb359cc7d9a8d3a9538cb34c5a1344bdbeb29fbcc381",
                "sha256:858588f1983ca497f1cf4ffde01d978a3ea02b01c8a26a8bbc5cd2e66d816917"
            ],
            "version": "==1.0.15"
        },
        "ptyprocess": {
            "hashes": [
                "sha256:e8c43b5eee76b2083a9badde89fd1bbce6c8942d1045146e100b7b5e014f4f1a",
                "sha256:e64193f0047ad603b71f202332ab5527c5e52aa7c8b609704fc28c0dc20c4365"
            ],
            "version": "==0.5.2"
        },
        "pygments": {
            "hashes": [
                "sha256:78f3f434bcc5d6ee09020f92ba487f95ba50f1e3ef83ae96b9d5ffa1bab25c5d",
                "sha256:dbae1046def0efb574852fab9e90209b23f556367b5a320c0bcb871c77c3e8cc"
            ],
            "version": "==2.2.0"
        },
        "pyparsing": {
            "hashes": [
                "sha256:fee43f17a9c4087e7ed1605bd6df994c6173c1e977d7ade7b651292fab2bd010",
                "sha256:0832bcf47acd283788593e7a0f542407bd9550a55a8a8435214a1960e04bcb04",
                "sha256:9e8143a3e15c13713506886badd96ca4b579a87fbdf49e550dbfc057d6cb218e",
                "sha256:281683241b25fe9b80ec9d66017485f6deff1af5cde372469134b56ca8447a07",
                "sha256:b8b3117ed9bdf45e14dcc89345ce638ec7e0e29b2b579fa1ecf32ce45ebac8a5",
                "sha256:8f1e18d3fd36c6795bb7e02a39fd05c611ffc2596c1e0d995d34d67630426c18",
                "sha256:e4d45427c6e20a59bf4f88c639dcc03ce30d193112047f94012102f235853a58"
            ],
            "version": "==2.2.0"
        },
        "pyproj": {
            "hashes": [
                "sha256:53fa54c8fa8a1dfcd6af4bf09ce1aae5d4d949da63b90570ac5ec849efaf3ea8"
            ],
            "version": "==1.9.5.1"
        },
        "python-dateutil": {
            "hashes": [
                "sha256:95511bae634d69bc7329ba55e646499a842bc4ec342ad54a8cdb65645a0aad3c",
                "sha256:891c38b2a02f5bb1be3e4793866c8df49c7d19baabf9c1bad62547e0b4866aca"
            ],
            "version": "==2.6.1"
        },
        "pytz": {
            "hashes": [
                "sha256:ed6509d9af298b7995d69a440e2822288f2eca1681b8cce37673dbb10091e5fe",
                "sha256:f93ddcdd6342f94cea379c73cddb5724e0d6d0a1c91c9bdef364dc0368ba4fda",
                "sha256:61242a9abc626379574a166dc0e96a66cd7c3b27fc10868003fa210be4bff1c9",
                "sha256:ba18e6a243b3625513d85239b3e49055a2f0318466e0b8a92b8fb8ca7ccdf55f",
                "sha256:07edfc3d4d2705a20a6e99d97f0c4b61c800b8232dc1c04d87e8554f130148dd",
                "sha256:3a47ff71597f821cd84a162e71593004286e5be07a340fd462f0d33a760782b5",
                "sha256:5bd55c744e6feaa4d599a6cbd8228b4f8f9ba96de2c38d56f08e534b3c9edf0d",
                "sha256:887ab5e5b32e4d0c86efddd3d055c1f363cbaa583beb8da5e22d2fa2f64d51ef",
                "sha256:410bcd1d6409026fbaa65d9ed33bf6dd8b1e94a499e32168acfc7b332e4095c0"
            ],
            "version": "==2018.3"
        },
        "pyzmq": {
            "hashes": [
<<<<<<< HEAD
                "sha256:2fb4d745ffe0a65ebf8fd29df093bb5c0ac96a506cb05b9a7b7c94b2524ae7f6",
                "sha256:b89268020a843d4c3cc04180577ec061fe96d35f267b0b672cb006e4d70560da",
                "sha256:d51eb3902d27d691483243707bfa67972167a70269bbbc172b74eeac4f780a1d",
                "sha256:e5578ae84bb94e97adadfcb00106a1cb161cb8017f89b01f6c3737f356257811",
                "sha256:4193cc666591495ab7fe8d24fa8374a35f9775f16dc7c46e03615559e1fc1855",
                "sha256:b328c538061757f627d32f7f8885c16f1d2f59f5374e057822f3c8e6cd94c41b",
                "sha256:18de8a02768b1c0b3495ac635b24bd902fafc08befb70a6e68c4d343ccbd6cbd",
                "sha256:fb983aec4bddee3680a0b7395f99e4595d70d81841370da736c5dc642bad4cd2",
                "sha256:ad5a8b19b6671b52d30ccfc3a0f4c600e49c4e2dcc88caf4106ed5958dec8d5e",
                "sha256:767e1d0b1f7fff1950127abc08c5a5af2754987bc6480c6d641bed6971278a7a",
                "sha256:c30d27c9b35285597b8ef3019f97b9b98457b053f65dcc87a90dfdd4db09ca78",
                "sha256:bdb12b485b3440b5193cd337d27cc126cdfc54ea9f38df237e1ead6216435cbe",
                "sha256:ba0b43aebf856e5e249250d74c1232d6600b6859328920d12e2ba72a565ab1b1",
                "sha256:630fb21f7474eb9e409a1ad476bf1ec489a69eb021172d422f2485cc3a44cd79",
                "sha256:6c3632d2c17cf03ce728ffaa328d45bb053623b3a0aa9747adcde81778d5a4d5",
                "sha256:538dfdd9542cf9ff37cd958da03b58d56b53b90800159ea07adc51a8ec7ffcb8",
                "sha256:613ac1fc4591b1c6a0a52ce3ed17dbffd6a17e985df504e8b4cdb987f97285b1",
                "sha256:a0ecf4c3eccd92f030a4e3e334b9da6fa3ee86be00249343c74e476d70567d0f",
                "sha256:863ec1bfa52da6eaa5c4aa59143eeaeb4ef7a076862407a548ec645f25e6d6df",
                "sha256:f35b4cdeffff79357a9d929daa2a8620fb362b2cbeebdc5dd2cf9fcd27c44821",
                "sha256:445fed4d71ac48da258ba38f2e29c88c5091124212a4004a0a6a42e6586a7de1",
                "sha256:b31f2b50ad2920f21b904f5edf66bee324e42bb978df1407ecf381b210d4678e",
                "sha256:0145ae59139b41f65e047a3a9ed11bbc36e37d5e96c64382fcdff911c4d8c3f0"
            ],
            "version": "==17.0.0"
=======
                "sha256:f88d8ffa32bf729bed806ca3205846ed98b61f149562dc828db5c3a2194ca0c3",
                "sha256:83c30a7fa401d5f26378414c6e67bdf8633780cf514b31bd2084b9ab4b226484",
                "sha256:5f357871b560bfacfa62a737292c59b42fe06c6e3433567f49f42dec32b45b11",
                "sha256:6602d9958656a255a067ab87b569695a51e275bb77111b057c12ac702544fdca",
                "sha256:068977e0f5cfba05d910df9899bcbd379e6536666ddabb2ce6a1218673229c65",
                "sha256:29fe1d6a79ea3b4cfcb3b23ef2159b34a42a347f74010fe5510484543a5367e2",
                "sha256:09ecf151c912f1d0907bfda331fa0ed5cd0032bf1d8733512f1befc8e89b387f",
                "sha256:edde3830b2ac4c97f11fdafeea02dffd2343b470482864a3cd3894c839a0a416",
                "sha256:37d7c8bfa3c7e8121ca7a71fe807cd5b63793d05ad598df53449d49e5dea1cc3",
                "sha256:9848772e952f2addbb77182ae14ef201fd4f0e394e6e73c4620b9fd8f154f4a9",
                "sha256:4d2bda85a2fe827fe1cce007f4bab20dae4bf56fa468d19bc730bb225c349bf3",
                "sha256:7ded1d19978e52557348fd89f2c3f67eb73c19700b248355bcc50ac582387a95",
                "sha256:b3c6abbebd79866465d6bbc0ab239cc4d1ba3bcce203b5294bb494665dcf4105",
                "sha256:c382cb87d65de9718c738ee3a2f4f7c8444bd5d1a002bd370b5365d906c13f27",
                "sha256:f41626459031c36457a6af56dd91e432b315b0bce8458ba08edbf6e4de88b467",
                "sha256:afe36a0ab8ada3b8d9a005c6aaca8a434c425bd019b7fa6d323b9fda46157389",
                "sha256:686ffacf9c62bdd4253ab3e093b32aaf195961c7545583a416cc534caa8a5900",
                "sha256:09802528d0092b70131a9df92c975bb625cf2038fc0f53915bf51ffa665a7957",
                "sha256:22ea664f4d115cd9fa0f2dc8c907298437f4d2fcf0677c18eddf45da2436f923",
                "sha256:505d2a4fc2a899d30663e12550dca3d17d48c5796dd1307a0197656bc40b67c8",
                "sha256:657147db62a16794aca7a18b51139180bc98d6249931507b1c8ef696607ada43",
                "sha256:3a942e278f79ddcf455ba160881a95de474123667c3c847683bc3ae1929093f5",
                "sha256:8a883824147523c0fe76d247dd58994c1c28ef07f1cc5dde595a4fd1c28f2580"
            ],
            "version": "==16.0.3"
>>>>>>> parent of d3cbc71... Included new packages to monitor the time elapsed by the renewable
        },
        "qtconsole": {
            "hashes": [
                "sha256:b3d10314cbaad76c3157cf922eb410812cde472e8e7c6bd3d5a92d30145bcde1",
                "sha256:eff8c2faeda567a0bef5781f419a64e9977988db101652b312b9d74ec0a5109c"
            ],
            "version": "==4.3.1"
        },
<<<<<<< HEAD
        "requests": {
            "hashes": [
                "sha256:6a1b267aa90cac58ac3a765d067950e7dbbf75b1da07e895d1f594193a40a38b",
                "sha256:9c443e7324ba5b85070c4a818ade28bfabedf16ea10206da1132edaa6dda237e"
            ],
            "version": "==2.18.4"
        },
        "rtree": {
            "hashes": [
                "sha256:8526431aa15d8cea1c07b451ce853b62b1da4cf6b74c07810aba5b81d12efe66",
                "sha256:a9e67386073f93f22449f396d5993dfe479335169c376f3f7fb04a396391f0dc",
                "sha256:6cb9cf3000963ea6a3db777a597baee2bc55c4fc891e4f1967f262cc96148649"
            ],
            "version": "==0.8.3"
        },
=======
>>>>>>> parent of d3cbc71... Included new packages to monitor the time elapsed by the renewable
        "send2trash": {
            "hashes": [
                "sha256:b308bfafe781617f57b69315f7f0636662405137da667dde3913bf5ff720a3c4",
                "sha256:725fbce571dffe0b640e2f1788d52c3c544b510f9d8f69b2597c8c2555bc8441"
            ],
            "version": "==1.4.2"
        },
        "shapely": {
            "hashes": [
                "sha256:13c82c9110e630039163bdcdb9969db4fadd145bcf633fc678fa762b01686e6d",
                "sha256:cf02668c8633a41782b5244e04d5d0689847ac535cdf2fea66e4cac7dd772895",
                "sha256:049e7732c58f8ee143899f9efbf714d8e7e3578443883c95614cfd4891d36502",
                "sha256:c1f4d74e4c4a5681e77fbee5a7b0599a91ca39a8e260f2839a9a764382994f7f",
                "sha256:41850cbfc79de117e3ccbc025b2eb7ee9170c29e65910003828e560ff076fc0d",
                "sha256:a0db70e3384f1227bc40e22e9d77db3a54e02b54b48cf6b0c22ddfc0b688542d",
                "sha256:592a7821c00ef4e0ae07e952366ad537313ccb7488665dd54b87e6f8eb31ef80",
                "sha256:2222eba7f461f4b3f406b569727561f300ecd57e31e01b49ffd327dc4cbda632",
                "sha256:e848bf533f0d6cbc336b4cf01dd1aa7873174ba7304a620baa7d663d1d0ce879",
                "sha256:30df7572d311514802df8dc0e229d1660bc4cbdcf027a8281e79c5fc2fcf02f2"
            ],
            "version": "==1.6.4.post1"
        },
        "simplegeneric": {
            "hashes": [
                "sha256:dc972e06094b9af5b855b3df4a646395e43d1c9d0d39ed345b7393560d0b9173"
            ],
            "version": "==0.8.1"
        },
        "six": {
            "hashes": [
                "sha256:832dc0e10feb1aa2c68dcc57dbb658f1c7e65b9b61af69048abc87a2db00a0eb",
                "sha256:70e8a77beed4562e7f14fe23a786b54f6296e34344c23bc42f07b15018ff98e9"
            ],
            "version": "==1.11.0"
        },
        "terminado": {
            "hashes": [
                "sha256:65011551baff97f5414c67018e908110693143cfbaeb16831b743fe7cad8b927",
                "sha256:55abf9ade563b8f9be1f34e4233c7b7bde726059947a593322e8a553cc4c067a"
            ],
            "version": "==0.8.1"
        },
        "testpath": {
            "hashes": [
                "sha256:039fa6a6c9fd3488f8336d23aebbfead5fa602c4a47d49d83845f55a595ec1b4",
                "sha256:0d5337839c788da5900df70f8e01015aec141aa3fe7936cb0d0a2953f7ac7609"
            ],
            "version": "==0.3.1"
        },
        "tornado": {
            "hashes": [
                "sha256:92b7ca81e18ba9ec3031a7ee73d4577ac21d41a0c9b775a9182f43301c3b5f8e",
                "sha256:b36298e9f63f18cad97378db2222c0e0ca6a55f6304e605515e05a25483ed51a",
                "sha256:ab587996fe6fb9ce65abfda440f9b61e4f9f2cf921967723540679176915e4c3",
                "sha256:5ef073ac6180038ccf99411fe05ae9aafb675952a2c8db60592d5daf8401f803",
                "sha256:6d14e47eab0e15799cf3cdcc86b0b98279da68522caace2bd7ce644287685f0a"
            ],
            "version": "==4.5.3"
        },
        "traitlets": {
            "hashes": [
                "sha256:c6cb5e6f57c5a9bdaa40fa71ce7b4af30298fbab9ece9815b5d995ab6217c7d9",
                "sha256:9c4bd2d267b7153df9152698efb1050a5d84982d3384a37b2c1f7723ba3e7835"
            ],
            "version": "==4.3.2"
        },
        "wcwidth": {
            "hashes": [
                "sha256:f4ebe71925af7b40a864553f761ed559b43544f8f71746c2d756c7fe788ade7c",
                "sha256:3df37372226d6e63e1b1e1eda15c594bca98a22d33a23832a90998faa96bc65e"
            ],
            "version": "==0.1.7"
        },
        "webencodings": {
            "hashes": [
                "sha256:a0af1213f3c2226497a97e2b3aa01a7e4bee4f403f95be16fc9acd2947514a78",
                "sha256:b36a1c245f2d304965eb4e0a82848379241dc04b865afcc4aab16748587e1923"
            ],
            "version": "==0.5.1"
        },
        "widgetsnbextension": {
            "hashes": [
                "sha256:d38e6873ea18f22c2a2b32025cdde35b635efa46b234e8738c81eec993f0bf1e",
                "sha256:67fc28c3b9fede955d69bccbd92784e3f0c6d0dee3a71532cd3367c257feb178"
            ],
            "version": "==3.1.0"
        }
    },
    "develop": {
        "cycler": {
            "hashes": [
                "sha256:1d8a5ae1ff6c5cf9b93e8811e581232ad8920aeec647c37316ceac982b08cb2d",
                "sha256:cd7b2d1018258d7247a71425e9f26463dfb444d411c39569972f4ce586b0c9d8"
            ],
            "version": "==0.10.0"
        },
        "matplotlib": {
            "hashes": [
                "sha256:83a56f713c8126492081ec6b9e885fafb387e966e5c79b88bcdb15e41ca8dd33",
                "sha256:769ccc141fb1891ecc2d39300ebb0efde16e7b4ce3d621fd61894a58676e23d4",
                "sha256:c83c2009648e1cffde4a1fbd09718a6ae788040ea30f9024bff66fd66262ef39",
                "sha256:d6bcda04e8eecac0286e2e893dd025f677a5b49f98872f6646b804e648e9da38",
                "sha256:82d4b630f2b73f7282a5c18d64a3a4b2ad2fb9141e43309beb68893770b7127f",
                "sha256:4871f85541b559ef10ab0f69f2251d2ac1dca4f14b0819f016191e6daf1ba03c",
                "sha256:61107a27999fd6af94c5043f8493335b8b93e788a99ccd5e850bfaaa994a5a57",
                "sha256:b8f516d63d81c6b0049bdb72d49e8d7f71b2cbb8f2c8e157354a12c728da20df",
                "sha256:6271352603a629d0a1d50fdd98362575043058d354739a6d746eb699be7f81b9",
                "sha256:6330d4923351be834abaf4e64ec3c6240947f7dd05d80ce932e09636939cead5",
                "sha256:81de6cc0c1053e9439613475436504df1e5ea1d8072b49ab0dd1f41526085f6e",
                "sha256:2c66b11ccd48b0aba68b6b8d2045536ff3368b178259762826e2fe2c6bc74b90",
                "sha256:168c4fbccd155863ac37a6ccfe3b206a8267c34bc1c46d8e5901f72f6c160ee2",
                "sha256:673acab3ea8733e639ddde7baf4ec665763e92871571d254fe00b592cfad99d4",
                "sha256:c3a9e2699d63ae18e8c0242359b67725473e92fd60af73d334819dc52e1b53d4",
                "sha256:4028fc0d48cc602fc8a0c399d41c20d052034763622d49ddf784da21315adec8",
                "sha256:e4524148786bcdf936f8d431925073470d47197483bad69a21f217bb1e79d776",
                "sha256:659f5e1aa0e0f01488c61eff47560c43b8be511c6a29293d7f3896ae17bd8b23"
            ],
            "version": "==2.1.1"
        },
        "numpy": {
            "hashes": [
                "sha256:428cd3c0b197cf857671353d8c85833193921af9fafcc169a1f29c7185833d50",
                "sha256:a476e437d73e5754aa66e1e75840d0163119c3911b7361f4cd06985212a3c3fb",
                "sha256:289ff717138cd9aa133adcbd3c3e284458b9c8230db4d42b39083a3407370317",
                "sha256:c5eccb4bf96dbb2436c61bb3c2658139e779679b6ae0d04c5e268e6608b58053",
                "sha256:75471acf298d455b035226cc609a92aee42c4bb6aa71def85f77fa2c2b646b61",
                "sha256:5c54fb98ecf42da59ed93736d1c071842482b18657eb16ba6e466bd873e1b923",
                "sha256:9ddf384ac3aacb72e122a8207775cc29727cbd9c531ee1a4b95754f24f42f7f3",
                "sha256:781d3197da49c421a07f250750de70a52c42af08ca02a2f7bdb571c0625ae7eb",
                "sha256:93b26d6c06a22e64d56aaca32aaaffd27a4143db0ac2f21a048f0b571f2bfc55",
                "sha256:b2547f57d05ba59df4289493254f29f4c9082d255f1f97b7e286f40f453e33a1",
                "sha256:eef6af1c752eef538a96018ef9bdf8e37bbf28aab50a1436501a4aa47a6467df",
                "sha256:ff8a4b2c3ac831964f529a2da506c28d002562b230261ae5c16885f5f53d2e75",
                "sha256:194074058c22a4066e1b6a4ea432486ee468d24ab16f13630c1030409e6b8666",
                "sha256:4e13f1a848fde960dea33702770265837c72b796a6a3eaac7528cfe75ddefadd",
                "sha256:91101216d72749df63968d86611b549438fb18af2c63849c01f9a897516133c7",
                "sha256:97507349abb7d1f6b76b877258defe8720833881dc7e7fd052bac90c88587387",
                "sha256:1479b46b6040b5c689831496354c8859c456b152d37315673a0c18720b41223b",
                "sha256:98b1ac79c160e36093d7914244e40ee1e7164223e795aa2c71dcce367554e646",
                "sha256:24bbec9a199f938eab75de8390f410969bc33c218e5430fa1ae9401b00865255",
                "sha256:7880f412543e96548374a4bb1d75e4cdb8cad80f3a101ed0f8d0e0428f719c1c",
                "sha256:6112f152b76a28c450bbf665da11757078a724a90330112f5b7ea2d6b6cefd67",
                "sha256:7c5276763646480143d5f3a6c2acb2885460c765051a1baf4d5070f63d05010f",
                "sha256:3de643935b212307b420248018323a44ec51987a336d1d747c1322afc3c099fb"
            ],
            "version": "==1.14.0"
        },
<<<<<<< HEAD
        "parso": {
            "hashes": [
                "sha256:a7bb86fe0844304869d1c08e8bd0e52be931228483025c422917411ab82d628a",
                "sha256:5815f3fe254e5665f3c5d6f54f086c2502035cb631a91341591b5a564203cffb"
            ],
            "version": "==0.1.1"
        },
        "pexpect": {
            "hashes": [
                "sha256:6ff881b07aff0cb8ec02055670443f784434395f90c3285d2ae470f921ade52a",
                "sha256:67b85a1565968e3d5b5e7c9283caddc90c3947a2625bed1905be27bd5a03e47d"
            ],
            "markers": "sys_platform != 'win32'",
            "version": "==4.4.0"
        },
        "pickleshare": {
            "hashes": [
                "sha256:c9a2541f25aeabc070f12f452e1f2a8eae2abd51e1cd19e8430402bdf4c1d8b5",
                "sha256:84a9257227dfdd6fe1b4be1319096c20eb85ff1e82c7932f36efccfe1b09737b"
            ],
            "version": "==0.7.4"
        },
        "prompt-toolkit": {
            "hashes": [
                "sha256:3f473ae040ddaa52b52f97f6b4a493cfa9f5920c255a12dc56a7d34397a398a4",
                "sha256:1df952620eccb399c53ebb359cc7d9a8d3a9538cb34c5a1344bdbeb29fbcc381",
                "sha256:858588f1983ca497f1cf4ffde01d978a3ea02b01c8a26a8bbc5cd2e66d816917"
            ],
            "version": "==1.0.15"
        },
        "ptyprocess": {
            "hashes": [
                "sha256:e8c43b5eee76b2083a9badde89fd1bbce6c8942d1045146e100b7b5e014f4f1a",
                "sha256:e64193f0047ad603b71f202332ab5527c5e52aa7c8b609704fc28c0dc20c4365"
            ],
            "version": "==0.5.2"
        },
        "pygments": {
            "hashes": [
                "sha256:78f3f434bcc5d6ee09020f92ba487f95ba50f1e3ef83ae96b9d5ffa1bab25c5d",
                "sha256:dbae1046def0efb574852fab9e90209b23f556367b5a320c0bcb871c77c3e8cc"
            ],
            "version": "==2.2.0"
        },
=======
>>>>>>> parent of d3cbc71... Included new packages to monitor the time elapsed by the renewable
        "pyparsing": {
            "hashes": [
                "sha256:fee43f17a9c4087e7ed1605bd6df994c6173c1e977d7ade7b651292fab2bd010",
                "sha256:0832bcf47acd283788593e7a0f542407bd9550a55a8a8435214a1960e04bcb04",
                "sha256:9e8143a3e15c13713506886badd96ca4b579a87fbdf49e550dbfc057d6cb218e",
                "sha256:281683241b25fe9b80ec9d66017485f6deff1af5cde372469134b56ca8447a07",
                "sha256:b8b3117ed9bdf45e14dcc89345ce638ec7e0e29b2b579fa1ecf32ce45ebac8a5",
                "sha256:8f1e18d3fd36c6795bb7e02a39fd05c611ffc2596c1e0d995d34d67630426c18",
                "sha256:e4d45427c6e20a59bf4f88c639dcc03ce30d193112047f94012102f235853a58"
            ],
            "version": "==2.2.0"
        },
        "python-dateutil": {
            "hashes": [
                "sha256:95511bae634d69bc7329ba55e646499a842bc4ec342ad54a8cdb65645a0aad3c",
                "sha256:891c38b2a02f5bb1be3e4793866c8df49c7d19baabf9c1bad62547e0b4866aca"
            ],
            "version": "==2.6.1"
        },
        "pytz": {
            "hashes": [
                "sha256:ed6509d9af298b7995d69a440e2822288f2eca1681b8cce37673dbb10091e5fe",
                "sha256:f93ddcdd6342f94cea379c73cddb5724e0d6d0a1c91c9bdef364dc0368ba4fda",
                "sha256:61242a9abc626379574a166dc0e96a66cd7c3b27fc10868003fa210be4bff1c9",
                "sha256:ba18e6a243b3625513d85239b3e49055a2f0318466e0b8a92b8fb8ca7ccdf55f",
                "sha256:07edfc3d4d2705a20a6e99d97f0c4b61c800b8232dc1c04d87e8554f130148dd",
                "sha256:3a47ff71597f821cd84a162e71593004286e5be07a340fd462f0d33a760782b5",
                "sha256:5bd55c744e6feaa4d599a6cbd8228b4f8f9ba96de2c38d56f08e534b3c9edf0d",
                "sha256:887ab5e5b32e4d0c86efddd3d055c1f363cbaa583beb8da5e22d2fa2f64d51ef",
                "sha256:410bcd1d6409026fbaa65d9ed33bf6dd8b1e94a499e32168acfc7b332e4095c0"
            ],
            "version": "==2018.3"
        },
        "six": {
            "hashes": [
                "sha256:832dc0e10feb1aa2c68dcc57dbb658f1c7e65b9b61af69048abc87a2db00a0eb",
                "sha256:70e8a77beed4562e7f14fe23a786b54f6296e34344c23bc42f07b15018ff98e9"
            ],
            "version": "==1.11.0"
        }
    }
}
